
Microsoft Visual Studio Solution File, Format Version 12.00
# Visual Studio Version 17
VisualStudioVersion = 17.4.33213.308
MinimumVisualStudioVersion = 10.0.40219.1
Project("{FAE04EC0-301F-11D3-BF4B-00C04F79EFBC}") = "aula14.3", "aula14.3\aula14.3.csproj", "{B258690B-C788-4F87-B580-9A2677CEC0CE}"
EndProject
Global
	GlobalSection(SolutionConfigurationPlatforms) = preSolution
		Debug|Any CPU = Debug|Any CPU
		Release|Any CPU = Release|Any CPU
	EndGlobalSection
	GlobalSection(ProjectConfigurationPlatforms) = postSolution
		{B258690B-C788-4F87-B580-9A2677CEC0CE}.Debug|Any CPU.ActiveCfg = Debug|Any CPU
		{B258690B-C788-4F87-B580-9A2677CEC0CE}.Debug|Any CPU.Build.0 = Debug|Any CPU
		{B258690B-C788-4F87-B580-9A2677CEC0CE}.Release|Any CPU.ActiveCfg = Release|Any CPU
		{B258690B-C788-4F87-B580-9A2677CEC0CE}.Release|Any CPU.Build.0 = Release|Any CPU
	EndGlobalSection
	GlobalSection(SolutionProperties) = preSolution
		HideSolutionNode = FALSE
	EndGlobalSection
	GlobalSection(ExtensibilityGlobals) = postSolution
		SolutionGuid = {C6DDF39D-24BD-48F1-9E6E-C3D0327CEA5D}
	EndGlobalSection
EndGlobal
